
Microsoft Visual Studio Solution File, Format Version 12.00
# Visual Studio Version 16
VisualStudioVersion = 16.0.30611.23
MinimumVisualStudioVersion = 10.0.40219.1
Project("{FAE04EC0-301F-11D3-BF4B-00C04F79EFBC}") = "ex-15-william", "ex-15-william.csproj", "{E65B2708-65BD-4FF0-9F24-C191F6EB5947}"
EndProject
Global
	GlobalSection(SolutionConfigurationPlatforms) = preSolution
		Debug|Any CPU = Debug|Any CPU
		Release|Any CPU = Release|Any CPU
	EndGlobalSection
	GlobalSection(ProjectConfigurationPlatforms) = postSolution
		{E65B2708-65BD-4FF0-9F24-C191F6EB5947}.Debug|Any CPU.ActiveCfg = Debug|Any CPU
		{E65B2708-65BD-4FF0-9F24-C191F6EB5947}.Debug|Any CPU.Build.0 = Debug|Any CPU
		{E65B2708-65BD-4FF0-9F24-C191F6EB5947}.Release|Any CPU.ActiveCfg = Release|Any CPU
		{E65B2708-65BD-4FF0-9F24-C191F6EB5947}.Release|Any CPU.Build.0 = Release|Any CPU
	EndGlobalSection
	GlobalSection(SolutionProperties) = preSolution
		HideSolutionNode = FALSE
	EndGlobalSection
	GlobalSection(ExtensibilityGlobals) = postSolution
		SolutionGuid = {7762C7F1-EBA5-454D-92CE-EDF0FFADE791}
	EndGlobalSection
EndGlobal
