
Microsoft Visual Studio Solution File, Format Version 12.00
# Visual Studio Version 16
VisualStudioVersion = 16.0.30503.244
MinimumVisualStudioVersion = 10.0.40219.1
Project("{FAE04EC0-301F-11D3-BF4B-00C04F79EFBC}") = "ex-10-william", "ex-10-william.csproj", "{3A3EDB4D-F71D-41DA-9DCF-C544FC2F0494}"
EndProject
Global
	GlobalSection(SolutionConfigurationPlatforms) = preSolution
		Debug|Any CPU = Debug|Any CPU
		Release|Any CPU = Release|Any CPU
	EndGlobalSection
	GlobalSection(ProjectConfigurationPlatforms) = postSolution
		{3A3EDB4D-F71D-41DA-9DCF-C544FC2F0494}.Debug|Any CPU.ActiveCfg = Debug|Any CPU
		{3A3EDB4D-F71D-41DA-9DCF-C544FC2F0494}.Debug|Any CPU.Build.0 = Debug|Any CPU
		{3A3EDB4D-F71D-41DA-9DCF-C544FC2F0494}.Release|Any CPU.ActiveCfg = Release|Any CPU
		{3A3EDB4D-F71D-41DA-9DCF-C544FC2F0494}.Release|Any CPU.Build.0 = Release|Any CPU
	EndGlobalSection
	GlobalSection(SolutionProperties) = preSolution
		HideSolutionNode = FALSE
	EndGlobalSection
	GlobalSection(ExtensibilityGlobals) = postSolution
		SolutionGuid = {8023CF04-5BF8-43F4-8B6A-32E0011F63F5}
	EndGlobalSection
EndGlobal
