
Microsoft Visual Studio Solution File, Format Version 12.00
# Visual Studio Version 16
VisualStudioVersion = 16.0.30503.244
MinimumVisualStudioVersion = 10.0.40219.1
Project("{FAE04EC0-301F-11D3-BF4B-00C04F79EFBC}") = "ex-12-william", "ex-12-william.csproj", "{C04F9CB4-5214-4596-9CE3-B671A3BCC307}"
EndProject
Global
	GlobalSection(SolutionConfigurationPlatforms) = preSolution
		Debug|Any CPU = Debug|Any CPU
		Release|Any CPU = Release|Any CPU
	EndGlobalSection
	GlobalSection(ProjectConfigurationPlatforms) = postSolution
		{C04F9CB4-5214-4596-9CE3-B671A3BCC307}.Debug|Any CPU.ActiveCfg = Debug|Any CPU
		{C04F9CB4-5214-4596-9CE3-B671A3BCC307}.Debug|Any CPU.Build.0 = Debug|Any CPU
		{C04F9CB4-5214-4596-9CE3-B671A3BCC307}.Release|Any CPU.ActiveCfg = Release|Any CPU
		{C04F9CB4-5214-4596-9CE3-B671A3BCC307}.Release|Any CPU.Build.0 = Release|Any CPU
	EndGlobalSection
	GlobalSection(SolutionProperties) = preSolution
		HideSolutionNode = FALSE
	EndGlobalSection
	GlobalSection(ExtensibilityGlobals) = postSolution
		SolutionGuid = {5E91C1F9-D7B7-494B-B2C0-2389FFBAC9E5}
	EndGlobalSection
EndGlobal
